PODS:
  - SnapKit (5.0.0-beta)

DEPENDENCIES:
  - SnapKit (from `../SnapKit/.git`, tag `5.0.0-beta`)

EXTERNAL SOURCES:
  SnapKit:
    :git: "../SnapKit/.git"
    :tag: 5.0.0-beta

CHECKOUT OPTIONS:
  SnapKit:
    :git: "../SnapKit/.git"
    :tag: 5.0.0-beta

SPEC CHECKSUMS:
  SnapKit: 7e7240eb21119e750f00e65126becb16fd02bc5d

PODFILE CHECKSUM: 952be01276d75efa289c8e7e37a4c0d4c4ab06a8

COCOAPODS: 1.6.1
