PODS:
  - SnapKit (5.1.0)

DEPENDENCIES:
  - SnapKit (from `https://github.com/NightDrivers/SnapKit.git`, tag `5.1.0`)

EXTERNAL SOURCES:
  SnapKit:
    :git: https://github.com/NightDrivers/SnapKit.git
    :tag: 5.1.0

CHECKOUT OPTIONS:
  SnapKit:
    :git: https://github.com/NightDrivers/SnapKit.git
    :tag: 5.1.0

SPEC CHECKSUMS:
  SnapKit: 888d6be5301acd44e6df227ff19a6c28d80c8770

PODFILE CHECKSUM: 5ea2bc981eeb1e3a5fab40cd2f40055467de4c2b

COCOAPODS: 1.7.5
